// !$*UTF8*$!
{
	archiveVersion = 1;
	classes = {
	};
	objectVersion = 46;
	objects = {

/* Begin PBXBuildFile section */
		5D05B1BD1F5EE8D60027F4F2 /* AppDelegate.swift in Sources */ = {isa = PBXBuildFile; fileRef = 5D05B1BC1F5EE8D60027F4F2 /* AppDelegate.swift */; };
		5D05B1C11F5EE8D60027F4F2 /* GameViewController.swift in Sources */ = {isa = PBXBuildFile; fileRef = 5D05B1C01F5EE8D60027F4F2 /* GameViewController.swift */; };
		5D05B1C41F5EE8D60027F4F2 /* Main.storyboard in Resources */ = {isa = PBXBuildFile; fileRef = 5D05B1C21F5EE8D60027F4F2 /* Main.storyboard */; };
		5D05B1C61F5EE8D60027F4F2 /* Assets.xcassets in Resources */ = {isa = PBXBuildFile; fileRef = 5D05B1C51F5EE8D60027F4F2 /* Assets.xcassets */; };
		5D05B1C91F5EE8D60027F4F2 /* LaunchScreen.storyboard in Resources */ = {isa = PBXBuildFile; fileRef = 5D05B1C71F5EE8D60027F4F2 /* LaunchScreen.storyboard */; };
		5D05B1D31F5EEC3F0027F4F2 /* art.scnassets in Resources */ = {isa = PBXBuildFile; fileRef = 5D05B1D21F5EEC3F0027F4F2 /* art.scnassets */; };
		5D05B1D51F5EF12D0027F4F2 /* ShapeType.swift in Sources */ = {isa = PBXBuildFile; fileRef = 5D05B1D41F5EF12D0027F4F2 /* ShapeType.swift */; };
		5DB87CEA1F5F798500ADDF97 /* SmokeTrail.scnp in Resources */ = {isa = PBXBuildFile; fileRef = 5DB87CE81F5F798500ADDF97 /* SmokeTrail.scnp */; };
		5DB87CEB1F5F798500ADDF97 /* smoke.png in Resources */ = {isa = PBXBuildFile; fileRef = 5DB87CE91F5F798500ADDF97 /* smoke.png */; };
/* End PBXBuildFile section */

/* Begin PBXFileReference section */
		5D05B1B91F5EE8D60027F4F2 /* PracticeSceneKit.app */ = {isa = PBXFileReference; explicitFileType = wrapper.application; includeInIndex = 0; path = PracticeSceneKit.app; sourceTree = BUILT_PRODUCTS_DIR; };
		5D05B1BC1F5EE8D60027F4F2 /* AppDelegate.swift */ = {isa = PBXFileReference; lastKnownFileType = sourcecode.swift; path = AppDelegate.swift; sourceTree = "<group>"; };
		5D05B1C01F5EE8D60027F4F2 /* GameViewController.swift */ = {isa = PBXFileReference; lastKnownFileType = sourcecode.swift; path = GameViewController.swift; sourceTree = "<group>"; };
		5D05B1C31F5EE8D60027F4F2 /* Base */ = {isa = PBXFileReference; lastKnownFileType = file.storyboard; name = Base; path = Base.lproj/Main.storyboard; sourceTree = "<group>"; };
		5D05B1C51F5EE8D60027F4F2 /* Assets.xcassets */ = {isa = PBXFileReference; lastKnownFileType = folder.assetcatalog; path = Assets.xcassets; sourceTree = "<group>"; };
		5D05B1C81F5EE8D60027F4F2 /* Base */ = {isa = PBXFileReference; lastKnownFileType = file.storyboard; name = Base; path = Base.lproj/LaunchScreen.storyboard; sourceTree = "<group>"; };
		5D05B1CA1F5EE8D60027F4F2 /* Info.plist */ = {isa = PBXFileReference; lastKnownFileType = text.plist.xml; path = Info.plist; sourceTree = "<group>"; };
		5D05B1D21F5EEC3F0027F4F2 /* art.scnassets */ = {isa = PBXFileReference; lastKnownFileType = wrapper.scnassets; path = art.scnassets; sourceTree = "<group>"; };
		5D05B1D41F5EF12D0027F4F2 /* ShapeType.swift */ = {isa = PBXFileReference; fileEncoding = 4; lastKnownFileType = sourcecode.swift; path = ShapeType.swift; sourceTree = "<group>"; };
		5DB87CE81F5F798500ADDF97 /* SmokeTrail.scnp */ = {isa = PBXFileReference; lastKnownFileType = file.scp; path = SmokeTrail.scnp; sourceTree = "<group>"; };
		5DB87CE91F5F798500ADDF97 /* smoke.png */ = {isa = PBXFileReference; lastKnownFileType = image.png; path = smoke.png; sourceTree = "<group>"; };
/* End PBXFileReference section */

/* Begin PBXFrameworksBuildPhase section */
		5D05B1B61F5EE8D60027F4F2 /* Frameworks */ = {
			isa = PBXFrameworksBuildPhase;
			buildActionMask = 2147483647;
			files = (
			);
			runOnlyForDeploymentPostprocessing = 0;
		};
/* End PBXFrameworksBuildPhase section */

/* Begin PBXGroup section */
		5D05B1B01F5EE8D60027F4F2 = {
			isa = PBXGroup;
			children = (
				5D05B1BB1F5EE8D60027F4F2 /* PracticeSceneKit */,
				5D05B1BA1F5EE8D60027F4F2 /* Products */,
			);
			sourceTree = "<group>";
		};
		5D05B1BA1F5EE8D60027F4F2 /* Products */ = {
			isa = PBXGroup;
			children = (
				5D05B1B91F5EE8D60027F4F2 /* PracticeSceneKit.app */,
			);
			name = Products;
			sourceTree = "<group>";
		};
		5D05B1BB1F5EE8D60027F4F2 /* PracticeSceneKit */ = {
			isa = PBXGroup;
			children = (
				5D05B1BC1F5EE8D60027F4F2 /* AppDelegate.swift */,
				5D05B1C01F5EE8D60027F4F2 /* GameViewController.swift */,
				5D05B1C21F5EE8D60027F4F2 /* Main.storyboard */,
				5D05B1D21F5EEC3F0027F4F2 /* art.scnassets */,
				5D05B1C51F5EE8D60027F4F2 /* Assets.xcassets */,
				5D05B1C71F5EE8D60027F4F2 /* LaunchScreen.storyboard */,
				5D05B1CA1F5EE8D60027F4F2 /* Info.plist */,
				5D05B1D41F5EF12D0027F4F2 /* ShapeType.swift */,
				5DB87CE81F5F798500ADDF97 /* SmokeTrail.scnp */,
				5DB87CE91F5F798500ADDF97 /* smoke.png */,
			);
			path = PracticeSceneKit;
			sourceTree = "<group>";
		};
/* End PBXGroup section */

/* Begin PBXNativeTarget section */
		5D05B1B81F5EE8D60027F4F2 /* PracticeSceneKit */ = {
			isa = PBXNativeTarget;
			buildConfigurationList = 5D05B1CD1F5EE8D60027F4F2 /* Build configuration list for PBXNativeTarget "PracticeSceneKit" */;
			buildPhases = (
				5D05B1B51F5EE8D60027F4F2 /* Sources */,
				5D05B1B61F5EE8D60027F4F2 /* Frameworks */,
				5D05B1B71F5EE8D60027F4F2 /* Resources */,
			);
			buildRules = (
			);
			dependencies = (
			);
			name = PracticeSceneKit;
			productName = PracticeSceneKit;
			productReference = 5D05B1B91F5EE8D60027F4F2 /* PracticeSceneKit.app */;
			productType = "com.apple.product-type.application";
		};
/* End PBXNativeTarget section */

/* Begin PBXProject section */
		5D05B1B11F5EE8D60027F4F2 /* Project object */ = {
			isa = PBXProject;
			attributes = {
				LastSwiftUpdateCheck = 0830;
				LastUpgradeCheck = 0830;
				ORGANIZATIONNAME = Monika;
				TargetAttributes = {
					5D05B1B81F5EE8D60027F4F2 = {
						CreatedOnToolsVersion = 8.3.3;
						ProvisioningStyle = Automatic;
					};
				};
			};
			buildConfigurationList = 5D05B1B41F5EE8D60027F4F2 /* Build configuration list for PBXProject "PracticeSceneKit" */;
			compatibilityVersion = "Xcode 3.2";
			developmentRegion = English;
			hasScannedForEncodings = 0;
			knownRegions = (
				en,
				Base,
			);
			mainGroup = 5D05B1B01F5EE8D60027F4F2;
			productRefGroup = 5D05B1BA1F5EE8D60027F4F2 /* Products */;
			projectDirPath = "";
			projectRoot = "";
			targets = (
				5D05B1B81F5EE8D60027F4F2 /* PracticeSceneKit */,
			);
		};
/* End PBXProject section */

/* Begin PBXResourcesBuildPhase section */
		5D05B1B71F5EE8D60027F4F2 /* Resources */ = {
			isa = PBXResourcesBuildPhase;
			buildActionMask = 2147483647;
			files = (
				5D05B1C91F5EE8D60027F4F2 /* LaunchScreen.storyboard in Resources */,
				5DB87CEB1F5F798500ADDF97 /* smoke.png in Resources */,
				5D05B1D31F5EEC3F0027F4F2 /* art.scnassets in Resources */,
				5D05B1C61F5EE8D60027F4F2 /* Assets.xcassets in Resources */,
				5DB87CEA1F5F798500ADDF97 /* SmokeTrail.scnp in Resources */,
				5D05B1C41F5EE8D60027F4F2 /* Main.storyboard in Resources */,
			);
			runOnlyForDeploymentPostprocessing = 0;
		};
/* End PBXResourcesBuildPhase section */

/* Begin PBXSourcesBuildPhase section */
		5D05B1B51F5EE8D60027F4F2 /* Sources */ = {
			isa = PBXSourcesBuildPhase;
			buildActionMask = 2147483647;
			files = (
				5D05B1C11F5EE8D60027F4F2 /* GameViewController.swift in Sources */,
				5D05B1D51F5EF12D0027F4F2 /* ShapeType.swift in Sources */,
				5D05B1BD1F5EE8D60027F4F2 /* AppDelegate.swift in Sources */,
			);
			runOnlyForDeploymentPostprocessing = 0;
		};
/* End PBXSourcesBuildPhase section */

/* Begin PBXVariantGroup section */
		5D05B1C21F5EE8D60027F4F2 /* Main.storyboard */ = {
			isa = PBXVariantGroup;
			children = (
				5D05B1C31F5EE8D60027F4F2 /* Base */,
			);
			name = Main.storyboard;
			sourceTree = "<group>";
		};
		5D05B1C71F5EE8D60027F4F2 /* LaunchScreen.storyboard */ = {
			isa = PBXVariantGroup;
			children = (
				5D05B1C81F5EE8D60027F4F2 /* Base */,
			);
			name = LaunchScreen.storyboard;
			sourceTree = "<group>";
		};
/* End PBXVariantGroup section */

/* Begin XCBuildConfiguration section */
		5D05B1CB1F5EE8D60027F4F2 /* Debug */ = {
			isa = XCBuildConfiguration;
			buildSettings = {
				ALWAYS_SEARCH_USER_PATHS = NO;
				CLANG_ANALYZER_NONNULL = YES;
				CLANG_ANALYZER_NUMBER_OBJECT_CONVERSION = YES_AGGRESSIVE;
				CLANG_CXX_LANGUAGE_STANDARD = "gnu++0x";
				CLANG_CXX_LIBRARY = "libc++";
				CLANG_ENABLE_MODULES = YES;
				CLANG_ENABLE_OBJC_ARC = YES;
				CLANG_WARN_BOOL_CONVERSION = YES;
				CLANG_WARN_CONSTANT_CONVERSION = YES;
				CLANG_WARN_DIRECT_OBJC_ISA_USAGE = YES_ERROR;
				CLANG_WARN_DOCUMENTATION_COMMENTS = YES;
				CLANG_WARN_EMPTY_BODY = YES;
				CLANG_WARN_ENUM_CONVERSION = YES;
				CLANG_WARN_INFINITE_RECURSION = YES;
				CLANG_WARN_INT_CONVERSION = YES;
				CLANG_WARN_OBJC_ROOT_CLASS = YES_ERROR;
				CLANG_WARN_SUSPICIOUS_MOVE = YES;
				CLANG_WARN_UNREACHABLE_CODE = YES;
				CLANG_WARN__DUPLICATE_METHOD_MATCH = YES;
				"CODE_SIGN_IDENTITY[sdk=iphoneos*]" = "iPhone Developer";
				COPY_PHASE_STRIP = NO;
				DEBUG_INFORMATION_FORMAT = dwarf;
				ENABLE_STRICT_OBJC_MSGSEND = YES;
				ENABLE_TESTABILITY = YES;
				GCC_C_LANGUAGE_STANDARD = gnu99;
				GCC_DYNAMIC_NO_PIC = NO;
				GCC_NO_COMMON_BLOCKS = YES;
				GCC_OPTIMIZATION_LEVEL = 0;
				GCC_PREPROCESSOR_DEFINITIONS = (
					"DEBUG=1",
					"$(inherited)",
				);
				GCC_WARN_64_TO_32_BIT_CONVERSION = YES;
				GCC_WARN_ABOUT_RETURN_TYPE = YES_ERROR;
				GCC_WARN_UNDECLARED_SELECTOR = YES;
				GCC_WARN_UNINITIALIZED_AUTOS = YES_AGGRESSIVE;
				GCC_WARN_UNUSED_FUNCTION = YES;
				GCC_WARN_UNUSED_VARIABLE = YES;
				IPHONEOS_DEPLOYMENT_TARGET = 10.3;
				MTL_ENABLE_DEBUG_INFO = YES;
				ONLY_ACTIVE_ARCH = YES;
				SDKROOT = iphoneos;
				SWIFT_ACTIVE_COMPILATION_CONDITIONS = DEBUG;
				SWIFT_OPTIMIZATION_LEVEL = "-Onone";
			};
			name = Debug;
		};
		5D05B1CC1F5EE8D60027F4F2 /* Release */ = {
			isa = XCBuildConfiguration;
			buildSettings = {
				ALWAYS_SEARCH_USER_PATHS = NO;
				CLANG_ANALYZER_NONNULL = YES;
				CLANG_ANALYZER_NUMBER_OBJECT_CONVERSION = YES_AGGRESSIVE;
				CLANG_CXX_LANGUAGE_STANDARD = "gnu++0x";
				CLANG_CXX_LIBRARY = "libc++";
				CLANG_ENABLE_MODULES = YES;
				CLANG_ENABLE_OBJC_ARC = YES;
				CLANG_WARN_BOOL_CONVERSION = YES;
				CLANG_WARN_CONSTANT_CONVERSION = YES;
				CLANG_WARN_DIRECT_OBJC_ISA_USAGE = YES_ERROR;
				CLANG_WARN_DOCUMENTATION_COMMENTS = YES;
				CLANG_WARN_EMPTY_BODY = YES;
				CLANG_WARN_ENUM_CONVERSION = YES;
				CLANG_WARN_INFINITE_RECURSION = YES;
				CLANG_WARN_INT_CONVERSION = YES;
				CLANG_WARN_OBJC_ROOT_CLASS = YES_ERROR;
				CLANG_WARN_SUSPICIOUS_MOVE = YES;
				CLANG_WARN_UNREACHABLE_CODE = YES;
				CLANG_WARN__DUPLICATE_METHOD_MATCH = YES;
				"CODE_SIGN_IDENTITY[sdk=iphoneos*]" = "iPhone Developer";
				COPY_PHASE_STRIP = NO;
				DEBUG_INFORMATION_FORMAT = "dwarf-with-dsym";
				ENABLE_NS_ASSERTIONS = NO;
				ENABLE_STRICT_OBJC_MSGSEND = YES;
				GCC_C_LANGUAGE_STANDARD = gnu99;
				GCC_NO_COMMON_BLOCKS = YES;
				GCC_WARN_64_TO_32_BIT_CONVERSION = YES;
				GCC_WARN_ABOUT_RETURN_TYPE = YES_ERROR;
				GCC_WARN_UNDECLARED_SELECTOR = YES;
				GCC_WARN_UNINITIALIZED_AUTOS = YES_AGGRESSIVE;
				GCC_WARN_UNUSED_FUNCTION = YES;
				GCC_WARN_UNUSED_VARIABLE = YES;
				IPHONEOS_DEPLOYMENT_TARGET = 10.3;
				MTL_ENABLE_DEBUG_INFO = NO;
				SDKROOT = iphoneos;
				SWIFT_OPTIMIZATION_LEVEL = "-Owholemodule";
				VALIDATE_PRODUCT = YES;
			};
			name = Release;
		};
		5D05B1CE1F5EE8D60027F4F2 /* Debug */ = {
			isa = XCBuildConfiguration;
			buildSettings = {
				ASSETCATALOG_COMPILER_APPICON_NAME = AppIcon;
				INFOPLIST_FILE = PracticeSceneKit/Info.plist;
				LD_RUNPATH_SEARCH_PATHS = "$(inherited) @executable_path/Frameworks";
				PRODUCT_BUNDLE_IDENTIFIER = com.do.PracticeSceneKit;
				PRODUCT_NAME = "$(TARGET_NAME)";
				SWIFT_VERSION = 3.0;
			};
			name = Debug;
		};
		5D05B1CF1F5EE8D60027F4F2 /* Release */ = {
			isa = XCBuildConfiguration;
			buildSettings = {
				ASSETCATALOG_COMPILER_APPICON_NAME = AppIcon;
				INFOPLIST_FILE = PracticeSceneKit/Info.plist;
				LD_RUNPATH_SEARCH_PATHS = "$(inherited) @executable_path/Frameworks";
				PRODUCT_BUNDLE_IDENTIFIER = com.do.PracticeSceneKit;
				PRODUCT_NAME = "$(TARGET_NAME)";
				SWIFT_VERSION = 3.0;
			};
			name = Release;
		};
/* End XCBuildConfiguration section */

/* Begin XCConfigurationList section */
		5D05B1B41F5EE8D60027F4F2 /* Build configuration list for PBXProject "PracticeSceneKit" */ = {
			isa = XCConfigurationList;
			buildConfigurations = (
				5D05B1CB1F5EE8D60027F4F2 /* Debug */,
				5D05B1CC1F5EE8D60027F4F2 /* Release */,
			);
			defaultConfigurationIsVisible = 0;
			defaultConfigurationName = Release;
		};
		5D05B1CD1F5EE8D60027F4F2 /* Build configuration list for PBXNativeTarget "PracticeSceneKit" */ = {
			isa = XCConfigurationList;
			buildConfigurations = (
				5D05B1CE1F5EE8D60027F4F2 /* Debug */,
				5D05B1CF1F5EE8D60027F4F2 /* Release */,
			);
			defaultConfigurationIsVisible = 0;
			defaultConfigurationName = Release;
		};
/* End XCConfigurationList section */
	};
	rootObject = 5D05B1B11F5EE8D60027F4F2 /* Project object */;
}
